
Microsoft Visual Studio Solution File, Format Version 12.00
# Visual Studio Version 17
VisualStudioVersion = 17.0.31919.166
MinimumVisualStudioVersion = 10.0.40219.1
Project("{FAE04EC0-301F-11D3-BF4B-00C04F79EFBC}") = "WebApiCRUD", "WebApiCRUD.csproj", "{BBC49ED4-F803-4AB7-868F-C641338CCAA7}"
EndProject
Global
	GlobalSection(SolutionConfigurationPlatforms) = preSolution
		Debug|Any CPU = Debug|Any CPU
		Release|Any CPU = Release|Any CPU
	EndGlobalSection
	GlobalSection(ProjectConfigurationPlatforms) = postSolution
		{BBC49ED4-F803-4AB7-868F-C641338CCAA7}.Debug|Any CPU.ActiveCfg = Debug|Any CPU
		{BBC49ED4-F803-4AB7-868F-C641338CCAA7}.Debug|Any CPU.Build.0 = Debug|Any CPU
		{BBC49ED4-F803-4AB7-868F-C641338CCAA7}.Release|Any CPU.ActiveCfg = Release|Any CPU
		{BBC49ED4-F803-4AB7-868F-C641338CCAA7}.Release|Any CPU.Build.0 = Release|Any CPU
	EndGlobalSection
	GlobalSection(SolutionProperties) = preSolution
		HideSolutionNode = FALSE
	EndGlobalSection
	GlobalSection(ExtensibilityGlobals) = postSolution
		SolutionGuid = {1F0DF2E4-3D29-4869-8B06-FC0B852477D7}
	EndGlobalSection
EndGlobal
